{
  "nodes": {
    "argononed": {
      "flake": false,
      "locked": {
        "lastModified": 1729566243,
        "narHash": "sha256-DPNI0Dpk5aym3Baf5UbEe5GENDrSmmXVdriRSWE+rgk=",
        "owner": "nvmd",
        "repo": "argononed",
        "rev": "16dbee54d49b66d5654d228d1061246b440ef7cf",
        "type": "github"
      },
      "original": {
        "owner": "nvmd",
        "repo": "argononed",
        "type": "github"
      }
    },
    "claude-code": {
      "inputs": {
        "nixpkgs": [
          "dnf",
          "nixpkgs"
        ],
        "systems": "systems"
      },
      "locked": {
        "lastModified": 1790280108,
        "narHash": "sha256-bApGLOF5XDhf3UCM1/e1yIQCoY5wW1+B88lHkcYlp2U=",
        "owner": "sadjow",
        "repo": "claude-code-nix",
        "rev": "f10421316cc6df045497f5aa0009adce648e89ee",
        "type": "github"
      },
      "original": {
        "owner": "sadjow",
        "repo": "claude-code-nix",
        "type": "github"
      }
    },
    "colmena": {
      "inputs": {
        "nix-github-actions": "nix-github-actions",
        "nixpkgs": [
          "dnf",
          "nixpkgs"
        ],
        "stable": "stable",
        "systems": "systems_2"
      },
      "locked": {
        "lastModified": 1790189016,
        "narHash": "sha256-6YGyJyFq6i4ZQ8/4gEwRk5RNFqCfK3bAqSsGvH7CrKA=",
        "owner": "zhaofengli",
        "repo": "colmena",
        "rev": "4d2d652a81322c906b9d945c331715d6c088261f",
        "type": "github"
      },
      "original": {
        "owner": "zhaofengli",
        "ref": "main",
        "repo": "colmena",
        "type": "github"
      }
    },
    "disko": {
      "inputs": {
        "nixpkgs": [
          "dnf",
          "nixpkgs"
        ]
      },
      "locked": {
        "lastModified": 1789770686,
        "narHash": "sha256-uZkBR7yHdIKUFB5SZdfgh1qkGfI3XmYmI/lTiquxbck=",
        "owner": "nix-community",
        "repo": "disko",
        "rev": "725ea35e410ad83be4931d1bff7e090eacaf3563",
        "type": "github"
      },
      "original": {
        "owner": "nix-community",
        "repo": "disko",
        "type": "github"
      }
    },
    "disko_2": {
      "inputs": {
        "nixpkgs": [
          "dnf",
          "nixos-anywhere",
          "nixpkgs"
        ]
      },
      "locked": {
        "lastModified": 1789770686,
        "narHash": "sha256-uZkBR7yHdIKUFB5SZdfgh1qkGfI3XmYmI/lTiquxbck=",
        "owner": "nix-community",
        "repo": "disko",
        "rev": "725ea35e410ad83be4931d1bff7e090eacaf3563",
        "type": "github"
      },
      "original": {
        "owner": "nix-community",
        "ref": "master",
        "repo": "disko",
        "type": "github"
      }
    },
    "dnf": {
      "inputs": {
        "claude-code": "claude-code",
        "colmena": "colmena",
        "disko": "disko",
        "dnf-generator": "dnf-generator",
        "firefox-addons": "firefox-addons",
        "home-manager": "home-manager",
        "nix-index-database": "nix-index-database",
        "nixos-anywhere": "nixos-anywhere",
        "nixos-hardware": "nixos-hardware",
        "nixos-raspberrypi": "nixos-raspberrypi",
        "nixpkgs": "nixpkgs_2",
        "nixpkgs-geneweb": "nixpkgs-geneweb",
        "nixpkgs-opencode": "nixpkgs-opencode",
        "nixpkgs-oxicloud": "nixpkgs-oxicloud",
        "nixpkgs-stable": "nixpkgs-stable",
        "sops-nix": "sops-nix",
        "talon-nix": "talon-nix"
      },
      "locked": {
        "lastModified": 1790366000,
        "narHash": "sha256-DEwcok+H2QO6sc0m87WhKvS9zdcFdlEL4JoTu2fnVA4=",
        "owner": "darkone-linux",
        "repo": "darkone-nixos-framework",
        "rev": "66d666ee77302586cd792d57b5dbaa77ff3cc494",
        "type": "github"
      },
      "original": {
        "owner": "darkone-linux",
        "ref": "v0.3.1",
        "repo": "darkone-nixos-framework",
        "type": "github"
      }
    },
    "dnf-generator": {
      "inputs": {
        "nixpkgs": [
          "dnf",
          "nixpkgs"
        ]
      },
      "locked": {
        "lastModified": 1790291812,
        "narHash": "sha256-BLCcEMvem/7WVF4SaGyyFHheymWXbZZuVqCy0EQ9xws=",
        "owner": "darkone-linux",
        "repo": "dnf-generator",
        "rev": "9349494205453071b6f13091501f125432e84ba8",
        "type": "github"
      },
      "original": {
        "owner": "darkone-linux",
        "ref": "v0.2.0",
        "repo": "dnf-generator",
        "type": "github"
      }
    },
    "firefox-addons": {
      "inputs": {
        "nixpkgs": [
          "dnf",
          "nixpkgs"
        ]
      },
      "locked": {
        "dir": "pkgs/firefox-addons",
        "lastModified": 1790308960,
        "narHash": "sha256-b6RW5z7r0ZMS5ckVixLOFqsZ46gG/zJYOMSD2zJn1g4=",
        "owner": "rycee",
        "repo": "nur-expressions",
        "rev": "efe35b3307e8827f383d46c8ebcbd9322cf8459f",
        "type": "gitlab"
      },
      "original": {
        "dir": "pkgs/firefox-addons",
        "owner": "rycee",
        "repo": "nur-expressions",
        "type": "gitlab"
      }
    },
    "flake-compat": {
      "locked": {
        "lastModified": 1767039857,
        "narHash": "sha256-vNpUSpF5Nuw8xvDLj2KCwwksIbjua2LZCqhV1LNRDns=",
        "owner": "edolstra",
        "repo": "flake-compat",
        "rev": "5edf11c44bc78a0d334f6334cdaf7d60d732daab",
        "type": "github"
      },
      "original": {
        "owner": "edolstra",
        "repo": "flake-compat",
        "type": "github"
      }
    },
    "home-manager": {
      "inputs": {
        "nixpkgs": [
          "dnf",
          "nixpkgs"
        ]
      },
      "locked": {
        "lastModified": 1790359331,
        "narHash": "sha256-Obs1m3Rs5rTEWjZlOLSJYYAv7nEqQgogSMgWtOv8JBI=",
        "owner": "nix-community",
        "repo": "home-manager",
        "rev": "6fa0edfe6a025d4d98f44a6c0d704d690dce3378",
        "type": "github"
      },
      "original": {
        "owner": "nix-community",
        "repo": "home-manager",
        "type": "github"
      }
    },
    "nix-github-actions": {
      "inputs": {
        "nixpkgs": [
          "dnf",
          "colmena",
          "nixpkgs"
        ]
      },
      "locked": {
        "lastModified": 1737420293,
        "narHash": "sha256-F1G5ifvqTpJq7fdkT34e/Jy9VCyzd5XfJ9TO8fHhJWE=",
        "owner": "nix-community",
        "repo": "nix-github-actions",
        "rev": "f4158fa080ef4503c8f4c820967d946c2af31ec9",
        "type": "github"
      },
      "original": {
        "owner": "nix-community",
        "repo": "nix-github-actions",
        "type": "github"
      }
    },
    "nix-github-actions_2": {
      "inputs": {
        "nixpkgs": [
          "dnf",
          "talon-nix",
          "nixpkgs"
        ]
      },
      "locked": {
        "lastModified": 1737420293,
        "narHash": "sha256-F1G5ifvqTpJq7fdkT34e/Jy9VCyzd5XfJ9TO8fHhJWE=",
        "owner": "nix-community",
        "repo": "nix-github-actions",
        "rev": "f4158fa080ef4503c8f4c820967d946c2af31ec9",
        "type": "github"
      },
      "original": {
        "owner": "nix-community",
        "repo": "nix-github-actions",
        "type": "github"
      }
    },
    "nix-index-database": {
      "inputs": {
        "nixpkgs": [
          "dnf",
          "nixpkgs"
        ]
      },
      "locked": {
        "lastModified": 1789892076,
        "narHash": "sha256-Dkg4VKPmDPqTwaiw2WH5br73tXoL1qrOO0xJnR4TlcA=",
        "owner": "nix-community",
        "repo": "nix-index-database",
        "rev": "9ad722673ab3b3f91f02135e53775825b240b869",
        "type": "github"
      },
      "original": {
        "owner": "nix-community",
        "repo": "nix-index-database",
        "type": "github"
      }
    },
    "nix-vm-test": {
      "inputs": {
        "nixpkgs": [
          "dnf",
          "nixos-anywhere",
          "nixpkgs"
        ]
      },
      "locked": {
        "lastModified": 1789357259,
        "narHash": "sha256-YF2EwlbEEmLgEH0fs7H5sgz9JwwMjoKM2rY5jnGNYwE=",
        "owner": "numtide",
        "repo": "nix-vm-test",
        "rev": "91825d66623ff030255d98082b5c8af2bbc549ec",
        "type": "github"
      },
      "original": {
        "owner": "numtide",
        "repo": "nix-vm-test",
        "type": "github"
      }
    },
    "nixos-anywhere": {
      "inputs": {
        "disko": "disko_2",
        "nix-vm-test": "nix-vm-test",
        "nixos-images": "nixos-images",
        "nixos-stable": "nixos-stable",
        "nixpkgs": [
          "dnf",
          "nixpkgs"
        ],
        "treefmt-nix": "treefmt-nix"
      },
      "locked": {
        "lastModified": 1790148129,
        "narHash": "sha256-oOp+FNzqKzFfn9+AwcvzBedUyuUniv7eGxQ0jfzFpQ8=",
        "owner": "nix-community",
        "repo": "nixos-anywhere",
        "rev": "da83557d8b0bce57a52371b888ffd6d58724e55c",
        "type": "github"
      },
      "original": {
        "owner": "nix-community",
        "repo": "nixos-anywhere",
        "type": "github"
      }
    },
    "nixos-hardware": {
      "inputs": {
        "nixpkgs": [
          "dnf",
          "nixpkgs"
        ]
      },
      "locked": {
        "lastModified": 1790321948,
        "narHash": "sha256-mZGHLGi217oLIwzDM4PNRZeCNa6g2WBXURyXbNMFs7Y=",
        "owner": "NixOS",
        "repo": "nixos-hardware",
        "rev": "30d48a0ec6035f8140d0125af274f0de95f1e9b5",
        "type": "github"
      },
      "original": {
        "owner": "NixOS",
        "ref": "master",
        "repo": "nixos-hardware",
        "type": "github"
      }
    },
    "nixos-images": {
      "inputs": {
        "nixos-stable": [
          "dnf",
          "nixos-anywhere",
          "nixos-stable"
        ],
        "nixos-unstable": [
          "dnf",
          "nixos-anywhere",
          "nixpkgs"
        ]
      },
      "locked": {
        "lastModified": 1789641344,
        "narHash": "sha256-vhB2KdEO1VlEfkiVoQAbMkKnTe1qxyJK3nbUsOOP4ok=",
        "owner": "nix-community",
        "repo": "nixos-images",
        "rev": "16d7721cb350e7f1d0c49a757a3dcd11e80d91af",
        "type": "github"
      },
      "original": {
        "owner": "nix-community",
        "repo": "nixos-images",
        "type": "github"
      }
    },
    "nixos-images_2": {
      "inputs": {
        "nixos-stable": [
          "dnf",
          "nixos-raspberrypi",
          "nixpkgs"
        ],
        "nixos-unstable": [
          "dnf",
          "nixos-raspberrypi",
          "nixpkgs"
        ]
      },
      "locked": {
        "lastModified": 1747747741,
        "narHash": "sha256-LUOH27unNWbGTvZFitHonraNx0JF/55h30r9WxqrznM=",
        "owner": "nvmd",
        "repo": "nixos-images",
        "rev": "cbbd6db325775096680b65e2a32fb6187c09bbb4",
        "type": "github"
      },
      "original": {
        "owner": "nvmd",
        "ref": "sdimage-installer",
        "repo": "nixos-images",
        "type": "github"
      }
    },
    "nixos-raspberrypi": {
      "inputs": {
        "argononed": "argononed",
        "flake-compat": "flake-compat",
        "nixos-images": "nixos-images_2",
        "nixpkgs": "nixpkgs"
      },
      "locked": {
        "lastModified": 1785596452,
        "narHash": "sha256-KT/OleUMpSKsWgi0eTuqS/0GD4ucPQcvLgmvlw8ZuCM=",
        "owner": "nvmd",
        "repo": "nixos-raspberrypi",
        "rev": "7e39508bcf9c1da82cf11c1e22f74f9d9fd0fe10",
        "type": "github"
      },
      "original": {
        "owner": "nvmd",
        "ref": "main",
        "repo": "nixos-raspberrypi",
        "type": "github"
      }
    },
    "nixos-stable": {
      "locked": {
        "lastModified": 1789749394,
        "narHash": "sha256-cFTsMQz8Hzn8MT49oaeLSHg62tE86NykugCWkeM2ypk=",
        "owner": "NixOS",
        "repo": "nixpkgs",
        "rev": "cf9d2fb3e50fa1cd5114c47505ea9177f7ff5f49",
        "type": "github"
      },
      "original": {
        "owner": "NixOS",
        "ref": "nixos-26.05",
        "repo": "nixpkgs",
        "type": "github"
      }
    },
    "nixpkgs": {
      "locked": {
        "lastModified": 1784856561,
        "narHash": "sha256-J+Bx1Z6Oeoj2FgnBhRMKyUhhtDoOpTgXYaVLZpDjW4A=",
        "owner": "NixOS",
        "repo": "nixpkgs",
        "rev": "597283ad8aa0b331c788e97c4c262d58877074ef",
        "type": "github"
      },
      "original": {
        "owner": "NixOS",
        "ref": "nixos-26.05",
        "repo": "nixpkgs",
        "type": "github"
      }
    },
    "nixpkgs-geneweb": {
      "locked": {
        "lastModified": 1779672807,
        "narHash": "sha256-BXdL4vHBnqQyNCCFVWDQBjkZCRDKTepOKAoBernlsPU=",
        "owner": "darkone-linux",
        "repo": "nixpkgs",
        "rev": "41377bff7b99fc7025ec505df2fb3dae23b55542",
        "type": "github"
      },
      "original": {
        "owner": "darkone-linux",
        "ref": "create-geneweb",
        "repo": "nixpkgs",
        "type": "github"
      }
    },
    "nixpkgs-opencode": {
      "locked": {
        "lastModified": 1789019473,
        "narHash": "sha256-oDJg4FdHB23JUNXq7cKGplgKZ6esdp5iH4obSxtqFj8=",
        "owner": "NixOS",
        "repo": "nixpkgs",
        "rev": "b1822af09f8d709b9259f63d420d184037ce1d3a",
        "type": "github"
      },
      "original": {
        "owner": "NixOS",
        "repo": "nixpkgs",
        "rev": "b1822af09f8d709b9259f63d420d184037ce1d3a",
        "type": "github"
      }
    },
    "nixpkgs-oxicloud": {
      "locked": {
        "lastModified": 1777820821,
        "narHash": "sha256-Dkd2Okuqo9DixM3N4IFy5eIAQT8rYmNpAKePPe3OE1Y=",
        "owner": "flashonfire",
        "repo": "nixpkgs",
        "rev": "739df6f3e12665c33c6184c50c8712fd72906367",
        "type": "github"
      },
      "original": {
        "owner": "flashonfire",
        "ref": "oxicloud-service",
        "repo": "nixpkgs",
        "type": "github"
      }
    },
    "nixpkgs-stable": {
      "locked": {
        "lastModified": 1790218706,
        "narHash": "sha256-6e4Na3z008XpdVyOXgfasXIn1aN+z8AXFG+jXdQSyuI=",
        "owner": "NixOS",
        "repo": "nixpkgs",
        "rev": "c508844df6c28fa6dabc1b6af70f3ccbd65c5201",
        "type": "github"
      },
      "original": {
        "owner": "NixOS",
        "ref": "nixos-26.05",
        "repo": "nixpkgs",
        "type": "github"
      }
    },
    "nixpkgs_2": {
      "locked": {
        "lastModified": 1790185690,
        "narHash": "sha256-xJ+X4hBtOcAFGBOe5nAMyMUeF9foJBmIOu3NjBqBycU=",
        "owner": "NixOS",
        "repo": "nixpkgs",
        "rev": "4975466d324710c576dc11ad614684e6bd8cad8e",
        "type": "github"
      },
      "original": {
        "owner": "NixOS",
        "ref": "nixos-unstable",
        "repo": "nixpkgs",
        "type": "github"
      }
    },
    "root": {
      "inputs": {
        "dnf": "dnf"
      }
    },
    "sops-nix": {
      "inputs": {
        "nixpkgs": [
          "dnf",
          "nixpkgs"
        ]
      },
      "locked": {
        "lastModified": 1790247521,
        "narHash": "sha256-TNfgoHsqsYYvaJImlWctfRkh4PseTagzegU1Dgdbehw=",
        "owner": "Mic92",
        "repo": "sops-nix",
        "rev": "2bd00bd9bb35fe6d114888c8f1c2e946c541dd8f",
        "type": "github"
      },
      "original": {
        "owner": "Mic92",
        "repo": "sops-nix",
        "type": "github"
      }
    },
    "stable": {
      "locked": {
        "lastModified": 1790117938,
        "narHash": "sha256-KgxFEzwzcmyNe4mqlYtsZjzy40mLcNVKtaeoCf5tCGg=",
        "owner": "nixos",
        "repo": "nixpkgs",
        "rev": "bd495b825e5c4365131f9b744cce923d42c06158",
        "type": "github"
      },
      "original": {
        "owner": "nixos",
        "ref": "release-26.05",
        "repo": "nixpkgs",
        "type": "github"
      }
    },
    "systems": {
      "locked": {
        "lastModified": 1681028828,
        "narHash": "sha256-Vy1rq5AaRuLzOxct8nz4T6wlgyUR7zLU309k9mBC768=",
        "owner": "nix-systems",
        "repo": "default",
        "rev": "da67096a3b9bf56a91d16901293e51ba5b49a27e",
        "type": "github"
      },
      "original": {
        "owner": "nix-systems",
        "repo": "default",
        "type": "github"
      }
    },
    "systems_2": {
      "locked": {
        "lastModified": 1776166891,
        "narHash": "sha256-bI8yrEGjrohR5hkQox7UrxDH7XqrYMwI8SL/LrJ1+S8=",
        "owner": "nix-systems",
        "repo": "triplet",
        "rev": "6de7bc09397911ce03636afbcf6118745ab2cda0",
        "type": "github"
      },
      "original": {
        "owner": "nix-systems",
        "repo": "triplet",
        "type": "github"
      }
    },
    "talon-nix": {
      "inputs": {
        "nix-github-actions": "nix-github-actions_2",
        "nixpkgs": [
          "dnf",
          "nixpkgs"
        ]
      },
      "locked": {
        "lastModified": 1776244716,
        "narHash": "sha256-+qZasmBp556iAiIx5ZdiTS1yI4aiPZ7XHaCRk6UopME=",
        "owner": "nix-community",
        "repo": "talon-nix",
        "rev": "a13f95e0d7b87d0127079245236bcd8705c6b4dd",
        "type": "github"
      },
      "original": {
        "owner": "nix-community",
        "repo": "talon-nix",
        "type": "github"
      }
    },
    "treefmt-nix": {
      "inputs": {
        "nixpkgs": [
          "dnf",
          "nixos-anywhere",
          "nixpkgs"
        ]
      },
      "locked": {
        "lastModified": 1786901030,
        "narHash": "sha256-WSFCsDSE5ffgD2MqzkM2CYjeFiKhRF/dJUN8uedb6YE=",
        "owner": "numtide",
        "repo": "treefmt-nix",
        "rev": "27b3b12a8e6375f28ebe122f07d230ca5459bbfa",
        "type": "github"
      },
      "original": {
        "owner": "numtide",
        "repo": "treefmt-nix",
        "type": "github"
      }
    }
  },
  "root": "root",
  "version": 7
}
